github.com/google/uuid v1.6.0 h1:NIvaJDMOsjHA8n1jAhLSgzrAzy1Hgr+hNrb57e+94F0=
github.com/google/uuid v1.6.0/go.mod h1:TIyPZe4MgqvfeYDBFedMoGGpEw/LqOeaOT+nhxU+yHo=
github.com/inovacc/base58 v0.0.0-20250330125606-88a27f13c68b h1:yQl8UFDxJ9HSAkTuDCXmG8qDxkvxXknJ/uqzsdpqWqU=
github.com/inovacc/base58 v0.0.0-20250330125606-88a27f13c68b/go.mod h1:gzyY3SP/QWa4mCFhljaiICBEXtDYecOJyCuGMKoLdTI=
github.com/inovacc/base58 v1.0.1 h1:6u3uYtsseTN/KE2DnSCZxV9GAHufDmlsp3E6AwImwLA=
github.com/inovacc/base58 v1.0.1/go.mod h1:gzyY3SP/QWa4mCFhljaiICBEXtDYecOJyCuGMKoLdTI=
github.com/inovacc/base62 v0.0.0-20250330125034-a0e068163d2b h1:JdubglSpphcK7iDtMD2F8bRnrSW8NyNQdbqfMbK2xPQ=
github.com/inovacc/base62 v0.0.0-20250330125034-a0e068163d2b/go.mod h1:K/k3LniQo68I7Zf34ytBjRvVaTDJRYanoaL1JD6lQyo=
github.com/inovacc/base62 v1.0.0 h1:AeHs+bljCqcsfjI7KZYsv5hkz1db4VqX88ZdOTkofbs=
github.com/inovacc/base62 v1.0.0/go.mod h1:K/k3LniQo68I7Zf34ytBjRvVaTDJRYanoaL1JD6lQyo=
github.com/inovacc/gopickle v0.0.0-20250330150934-b1a9a95ebf50 h1:GeazteeOXtqR5fTBaX7HTu5QdshN7IuMpc6c7y/mhS0=
github.com/inovacc/gopickle v0.0.0-20250330150934-b1a9a95ebf50/go.mod h1:m+CuyiRC93AtyvaISqfYquLhJTJEcCAFGfMBihY1Z2g=
github.com/inovacc/gopickle v1.0.0 h1:w0Tba75H86IZJ0x5Qo7gsYQWMqFo4n1iGu0a8JncB1E=
github.com/inovacc/gopickle v1.0.0/go.mod h1:m+CuyiRC93AtyvaISqfYquLhJTJEcCAFGfMBihY1Z2g=
github.com/inovacc/ksuid v1.0.0 h1:zTe8CO86pVsgogAM2D/1x+DV3uS0ZcMhKDkqtKOOvS4=
github.com/inovacc/ksuid v1.0.0/go.mod h1:t2zVMADGYfPQ+kYgqb3AocpTq8XyMdgrOQ+IHye9RAs=
golang.org/x/crypto v0.36.0 h1:AnAEvhDddvBdpY+uR+MyHmuZzzNqXSe/GvuDeob5L34=
golang.org/x/crypto v0.36.0/go.mod h1:Y4J0ReaxCR1IMaabaSMugxJES1EpwhBHhv2bDHklZvc=
golang.org/x/sys v0.31.0 h1:ioabZlmFYtWhL+TRYpcnNlLwhyxaM9kWTDEmfnprqik=
golang.org/x/sys v0.31.0/go.mod h1:BJP2sWEmIv4KK5OTEluFJCKSidICx8ciO85XgH3Ak8k=
